
Microsoft Visual Studio Solution File, Format Version 12.00
# Visual Studio Version 17
VisualStudioVersion = 17.13.35931.197 d17.13
MinimumVisualStudioVersion = 10.0.40219.1
Project("{FAE04EC0-301F-11D3-BF4B-00C04F79EFBC}") = "Portfolio Website", "Portfolio Website.csproj", "{79145ED4-736F-4F26-9FA4-6F7841EA6010}"
EndProject
Global
	GlobalSection(SolutionConfigurationPlatforms) = preSolution
		Debug|Any CPU = Debug|Any CPU
		Release|Any CPU = Release|Any CPU
	EndGlobalSection
	GlobalSection(ProjectConfigurationPlatforms) = postSolution
		{79145ED4-736F-4F26-9FA4-6F7841EA6010}.Debug|Any CPU.ActiveCfg = Debug|Any CPU
		{79145ED4-736F-4F26-9FA4-6F7841EA6010}.Debug|Any CPU.Build.0 = Debug|Any CPU
		{79145ED4-736F-4F26-9FA4-6F7841EA6010}.Release|Any CPU.ActiveCfg = Release|Any CPU
		{79145ED4-736F-4F26-9FA4-6F7841EA6010}.Release|Any CPU.Build.0 = Release|Any CPU
	EndGlobalSection
	GlobalSection(SolutionProperties) = preSolution
		HideSolutionNode = FALSE
	EndGlobalSection
	GlobalSection(ExtensibilityGlobals) = postSolution
		SolutionGuid = {C90C4AC8-190C-4ABD-AE0F-9EB91B08299A}
	EndGlobalSection
EndGlobal
